
Microsoft Visual Studio Solution File, Format Version 12.00
# Visual Studio Version 16
VisualStudioVersion = 16.0.33130.400
MinimumVisualStudioVersion = 10.0.40219.1
Project("{FAE04EC0-301F-11D3-BF4B-00C04F79EFBC}") = "SourceControl", "SourceControl\SourceControl.csproj", "{0611F1AA-2DF0-4A0E-9660-FAAE78ABB438}"
EndProject
Global
	GlobalSection(SolutionConfigurationPlatforms) = preSolution
		Debug|Any CPU = Debug|Any CPU
		Release|Any CPU = Release|Any CPU
	EndGlobalSection
	GlobalSection(ProjectConfigurationPlatforms) = postSolution
		{0611F1AA-2DF0-4A0E-9660-FAAE78ABB438}.Debug|Any CPU.ActiveCfg = Debug|Any CPU
		{0611F1AA-2DF0-4A0E-9660-FAAE78ABB438}.Debug|Any CPU.Build.0 = Debug|Any CPU
		{0611F1AA-2DF0-4A0E-9660-FAAE78ABB438}.Release|Any CPU.ActiveCfg = Release|Any CPU
		{0611F1AA-2DF0-4A0E-9660-FAAE78ABB438}.Release|Any CPU.Build.0 = Release|Any CPU
	EndGlobalSection
	GlobalSection(SolutionProperties) = preSolution
		HideSolutionNode = FALSE
	EndGlobalSection
	GlobalSection(ExtensibilityGlobals) = postSolution
		SolutionGuid = {973951B7-1EA2-408A-9C5F-B29BD373E3F9}
	EndGlobalSection
EndGlobal
